{
  "name": "type-schedule",
  "version": "0.1.0",
  "lockfileVersion": 1,
  "requires": true,
  "dependencies": {
    "@types/lodash": {
      "version": "4.14.74",
      "resolved": "https://registry.npmjs.org/@types/lodash/-/lodash-4.14.74.tgz",
      "integrity": "sha512-BZknw3E/z3JmCLqQVANcR17okqVTPZdlxvcIz0fJiJVLUCbSH1hK3zs9r634PVSmrzAxN+n/fxlVRiYoArdOIQ=="
    },
    "@types/node": {
      "version": "8.0.27",
      "resolved": "https://registry.npmjs.org/@types/node/-/node-8.0.27.tgz",
      "integrity": "sha512-MiOd5TB6ftlOw6gLY3XdF0s/9YoTo172A6qGzi5I1SJy2dRZqg/LAHGTJMm1XFWx7kuYkbVW0sp/z3OP7VnkjQ=="
    },
    "cron-parser": {
      "version": "2.4.1",
      "resolved": "https://registry.npmjs.org/cron-parser/-/cron-parser-2.4.1.tgz",
      "integrity": "sha512-b5IKyY/Dqyjfnnog15TsIMxshVmRXb298FQ5+Wfqe87ZImimZ+E/GFMISGeIvzuJOvQoESbSU6lYhIh3SbA2/w==",
      "requires": {
        "is-nan": "1.2.1",
        "moment-timezone": "0.5.13"
      }
    },
    "define-properties": {
      "version": "1.1.2",
      "resolved": "https://registry.npmjs.org/define-properties/-/define-properties-1.1.2.tgz",
      "integrity": "sha1-g6c/L+pWmJj7c3GTyPhzyvbUXJQ=",
      "requires": {
        "foreach": "2.0.5",
        "object-keys": "1.0.11"
      }
    },
    "foreach": {
      "version": "2.0.5",
      "resolved": "https://registry.npmjs.org/foreach/-/foreach-2.0.5.tgz",
      "integrity": "sha1-C+4AUBiusmDQo6865ljdATbsG5k="
    },
    "is-nan": {
      "version": "1.2.1",
      "resolved": "https://registry.npmjs.org/is-nan/-/is-nan-1.2.1.tgz",
      "integrity": "sha1-n69ltvttskt/XAYoR16nH5iEAeI=",
      "requires": {
        "define-properties": "1.1.2"
      }
    },
    "long-timeout": {
      "version": "0.1.1",
      "resolved": "https://registry.npmjs.org/long-timeout/-/long-timeout-0.1.1.tgz",
      "integrity": "sha1-lyHXiLR+C8taJMLivuGg2lXatRQ="
    },
    "moment": {
      "version": "2.18.1",
      "resolved": "https://registry.npmjs.org/moment/-/moment-2.18.1.tgz",
      "integrity": "sha1-w2GT3Tzhwu7SrbfIAtu8d6gbHA8="
    },
    "moment-timezone": {
      "version": "0.5.13",
      "resolved": "https://registry.npmjs.org/moment-timezone/-/moment-timezone-0.5.13.tgz",
      "integrity": "sha1-mc5cfYJyYusPH3AgRBd/YHRde5A=",
      "requires": {
        "moment": "2.18.1"
      }
    },
    "object-keys": {
      "version": "1.0.11",
      "resolved": "https://registry.npmjs.org/object-keys/-/object-keys-1.0.11.tgz",
      "integrity": "sha1-xUYBd4rVYPEULODgG8yotW0TQm0="
    }
  }
}
